
Microsoft Visual Studio Solution File, Format Version 12.00
# Visual Studio 15
VisualStudioVersion = 15.0.26730.16
MinimumVisualStudioVersion = 10.0.40219.1
Project("{FAE04EC0-301F-11D3-BF4B-00C04F79EFBC}") = "ArticleReviewSystem", "ArticleReviewSystem\ArticleReviewSystem.csproj", "{F1506DB3-57F4-4FE8-A0EC-B20A7A3993D2}"
EndProject
Project("{FAE04EC0-301F-11D3-BF4B-00C04F79EFBC}") = "ArticleReviewSystem.Tests", "ArticleReviewSystem.Tests\ArticleReviewSystem.Tests.csproj", "{900F9A86-15AD-4FB2-A076-E9B069995C00}"
EndProject
Global
	GlobalSection(SolutionConfigurationPlatforms) = preSolution
		Debug|Any CPU = Debug|Any CPU
		Release|Any CPU = Release|Any CPU
	EndGlobalSection
	GlobalSection(ProjectConfigurationPlatforms) = postSolution
		{F1506DB3-57F4-4FE8-A0EC-B20A7A3993D2}.Debug|Any CPU.ActiveCfg = Debug|Any CPU
		{F1506DB3-57F4-4FE8-A0EC-B20A7A3993D2}.Debug|Any CPU.Build.0 = Debug|Any CPU
		{F1506DB3-57F4-4FE8-A0EC-B20A7A3993D2}.Release|Any CPU.ActiveCfg = Release|Any CPU
		{F1506DB3-57F4-4FE8-A0EC-B20A7A3993D2}.Release|Any CPU.Build.0 = Release|Any CPU
		{900F9A86-15AD-4FB2-A076-E9B069995C00}.Debug|Any CPU.ActiveCfg = Debug|Any CPU
		{900F9A86-15AD-4FB2-A076-E9B069995C00}.Debug|Any CPU.Build.0 = Debug|Any CPU
		{900F9A86-15AD-4FB2-A076-E9B069995C00}.Release|Any CPU.ActiveCfg = Release|Any CPU
		{900F9A86-15AD-4FB2-A076-E9B069995C00}.Release|Any CPU.Build.0 = Release|Any CPU
	EndGlobalSection
	GlobalSection(SolutionProperties) = preSolution
		HideSolutionNode = FALSE
	EndGlobalSection
	GlobalSection(ExtensibilityGlobals) = postSolution
		SolutionGuid = {0AB0A34E-2CA8-4F41-BE80-1EF0528BA230}
	EndGlobalSection
EndGlobal
